
Microsoft Visual Studio Solution File, Format Version 12.00
# Visual Studio Version 17
VisualStudioVersion = 17.9.34607.119
MinimumVisualStudioVersion = 10.0.40219.1
Project("{FAE04EC0-301F-11D3-BF4B-00C04F79EFBC}") = "week 2 lesson 8 exercise nr.2", "week 2 lesson 8 exercise nr.2\week 2 lesson 8 exercise nr.2.csproj", "{3BEE66BC-F5FE-4EB0-96E2-9337CDB1AFFB}"
EndProject
Global
	GlobalSection(SolutionConfigurationPlatforms) = preSolution
		Debug|Any CPU = Debug|Any CPU
		Release|Any CPU = Release|Any CPU
	EndGlobalSection
	GlobalSection(ProjectConfigurationPlatforms) = postSolution
		{3BEE66BC-F5FE-4EB0-96E2-9337CDB1AFFB}.Debug|Any CPU.ActiveCfg = Debug|Any CPU
		{3BEE66BC-F5FE-4EB0-96E2-9337CDB1AFFB}.Debug|Any CPU.Build.0 = Debug|Any CPU
		{3BEE66BC-F5FE-4EB0-96E2-9337CDB1AFFB}.Release|Any CPU.ActiveCfg = Release|Any CPU
		{3BEE66BC-F5FE-4EB0-96E2-9337CDB1AFFB}.Release|Any CPU.Build.0 = Release|Any CPU
	EndGlobalSection
	GlobalSection(SolutionProperties) = preSolution
		HideSolutionNode = FALSE
	EndGlobalSection
	GlobalSection(ExtensibilityGlobals) = postSolution
		SolutionGuid = {A718383B-37BD-4504-ABB4-8669B43502CF}
	EndGlobalSection
EndGlobal
